{
  "name": "tool-code",
  "version": "1.0.0",
  "lockfileVersion": 1,
  "requires": true,
  "dependencies": {
    "git-tags": {
      "version": "0.2.4",
      "resolved": "https://registry.npmjs.org/git-tags/-/git-tags-0.2.4.tgz",
      "integrity": "sha1-skxx1dffjdWHo2mY6VIeIN3iWcU=",
      "dev": true,
      "requires": {
        "lodash": "2.4.2",
        "semver": "3.0.1"
      }
    },
    "lodash": {
      "version": "2.4.2",
      "resolved": "https://registry.npmjs.org/lodash/-/lodash-2.4.2.tgz",
      "integrity": "sha1-+t2DS5aDBz2hebPq5tnA0VBT9z4=",
      "dev": true
    },
    "semver": {
      "version": "3.0.1",
      "resolved": "https://registry.npmjs.org/semver/-/semver-3.0.1.tgz",
      "integrity": "sha1-cgrAElFaJS+R+w3S6ZpWpw1s8Hg=",
      "dev": true
    }
  }
}
